
Microsoft Visual Studio Solution File, Format Version 12.00
# Visual Studio 15
Project("{FAE04EC0-301F-11D3-BF4B-00C04F79EFBC}") = "Assembly-CSharp", "Assembly-CSharp.csproj", "{125433BD-9039-0A06-C908-C4D3BE98889C}"
EndProject
Project("{FAE04EC0-301F-11D3-BF4B-00C04F79EFBC}") = "Assembly-CSharp-firstpass", "Assembly-CSharp-firstpass.csproj", "{0CE5177F-43D1-BEC9-799D-3A4789F251EE}"
EndProject
Project("{FAE04EC0-301F-11D3-BF4B-00C04F79EFBC}") = "Assembly-CSharp-Editor-firstpass", "Assembly-CSharp-Editor-firstpass.csproj", "{50C1034D-39A5-BB74-FC7E-4AC7043F66DA}"
EndProject
Global
	GlobalSection(SolutionConfigurationPlatforms) = preSolution
		Debug|Any CPU = Debug|Any CPU
		Release|Any CPU = Release|Any CPU
	EndGlobalSection
	GlobalSection(ProjectConfigurationPlatforms) = postSolution
		{125433BD-9039-0A06-C908-C4D3BE98889C}.Debug|Any CPU.ActiveCfg = Debug|Any CPU
		{125433BD-9039-0A06-C908-C4D3BE98889C}.Debug|Any CPU.Build.0 = Debug|Any CPU
		{125433BD-9039-0A06-C908-C4D3BE98889C}.Release|Any CPU.ActiveCfg = Release|Any CPU
		{125433BD-9039-0A06-C908-C4D3BE98889C}.Release|Any CPU.Build.0 = Release|Any CPU
		{0CE5177F-43D1-BEC9-799D-3A4789F251EE}.Debug|Any CPU.ActiveCfg = Debug|Any CPU
		{0CE5177F-43D1-BEC9-799D-3A4789F251EE}.Debug|Any CPU.Build.0 = Debug|Any CPU
		{0CE5177F-43D1-BEC9-799D-3A4789F251EE}.Release|Any CPU.ActiveCfg = Release|Any CPU
		{0CE5177F-43D1-BEC9-799D-3A4789F251EE}.Release|Any CPU.Build.0 = Release|Any CPU
		{50C1034D-39A5-BB74-FC7E-4AC7043F66DA}.Debug|Any CPU.ActiveCfg = Debug|Any CPU
		{50C1034D-39A5-BB74-FC7E-4AC7043F66DA}.Debug|Any CPU.Build.0 = Debug|Any CPU
		{50C1034D-39A5-BB74-FC7E-4AC7043F66DA}.Release|Any CPU.ActiveCfg = Release|Any CPU
		{50C1034D-39A5-BB74-FC7E-4AC7043F66DA}.Release|Any CPU.Build.0 = Release|Any CPU
	EndGlobalSection
	GlobalSection(SolutionProperties) = preSolution
		HideSolutionNode = FALSE
	EndGlobalSection
EndGlobal
